<?xml version="1.0" encoding="utf-8"?>
<Project ToolsVersion="4.0" xmlns="http://schemas.microsoft.com/developer/msbuild/2003">
  <ItemGroup>
    <ClCompile Include="GameTest.cpp" />
    <ClCompile Include="stdafx.cpp" />
    <ClCompile Include="App\app.cpp">
      <Filter>NextAPI</Filter>
    </ClCompile>
    <ClCompile Include="App\main.cpp">
      <Filter>NextAPI</Filter>
    </ClCompile>
    <ClCompile Include="App\SimpleController.cpp">
      <Filter>NextAPI</Filter>
    </ClCompile>
    <ClCompile Include="App\SimpleSound.cpp">
      <Filter>NextAPI</Filter>
    </ClCompile>
    <ClCompile Include="App\SimpleSprite.cpp">
      <Filter>NextAPI</Filter>
    </ClCompile>
    <ClCompile Include="stb_image\stb_image.cpp">
      <Filter>stb_image</Filter>
    </ClCompile>
    <ClCompile Include="GameCode\Boid.cpp" />
    <ClCompile Include="GameCode\BoidFlock.cpp" />
    <ClCompile Include="EngineCode\Collider2D.cpp" />
    <ClCompile Include="EngineCode\ColliderLibrary.cpp" />
    <ClCompile Include="EngineCode\EventManager.cpp" />
    <ClCompile Include="EngineCode\InputManager.cpp" />
    <ClCompile Include="EngineCode\Movable.cpp" />
    <ClCompile Include="GameCode\Player.cpp" />
    <ClCompile Include="EngineCode\Positionable.cpp" />
    <ClCompile Include="EngineCode\CircleCollider2D.cpp" />
    <ClCompile Include="EngineCode\RectangleCollider2D.cpp" />
    <ClCompile Include="EngineCode\SceneMember.cpp" />
    <ClCompile Include="GameCode\WallTile.cpp" />
    <ClCompile Include="EngineCode\Scene.cpp" />
    <ClCompile Include="EngineCode\RayCastCollider2D.cpp" />
  </ItemGroup>
  <ItemGroup>
    <ClInclude Include="stdafx.h" />
    <ClInclude Include="App\app.h">
      <Filter>NextAPI</Filter>
    </ClInclude>
    <ClInclude Include="App\AppSettings.h">
      <Filter>NextAPI</Filter>
    </ClInclude>
    <ClInclude Include="App\main.h">
      <Filter>NextAPI</Filter>
    </ClInclude>
    <ClInclude Include="App\SimpleController.h">
      <Filter>NextAPI</Filter>
    </ClInclude>
    <ClInclude Include="App\SimpleSound.h">
      <Filter>NextAPI</Filter>
    </ClInclude>
    <ClInclude Include="App\SimpleSprite.h">
      <Filter>NextAPI</Filter>
    </ClInclude>
    <ClInclude Include="targetver.h">
      <Filter>NextAPI</Filter>
    </ClInclude>
    <ClInclude Include="stb_image\stb_image.h">
      <Filter>stb_image</Filter>
    </ClInclude>
    <ClInclude Include="Assert.h" />
    <ClInclude Include="GameCode\Boid.h" />
    <ClInclude Include="GameCode\BoidFlock.h" />
    <ClInclude Include="EngineCode\Collider2D.h" />
    <ClInclude Include="EngineCode\ColliderLibrary.h" />
    <ClInclude Include="EngineCode\EventManager.h" />
    <ClInclude Include="EngineCode\EventNames.h" />
    <ClInclude Include="EngineCode\InputManager.h" />
    <ClInclude Include="EngineCode\Movable.h" />
    <ClInclude Include="GameCode\Player.h" />
    <ClInclude Include="EngineCode\Positionable.h" />
    <ClInclude Include="EngineCode\CircleCollider2D.h" />
    <ClInclude Include="EngineCode\RectangleCollider2D.h" />
    <ClInclude Include="EngineCode\CollisionDetection.h" />
    <ClInclude Include="EngineCode\SceneMember.h" />
    <ClInclude Include="GameCode\WallTile.h" />
    <ClInclude Include="EngineCode\Scene.h" />
    <ClInclude Include="EngineCode\RayCastCollider2D.h" />
  </ItemGroup>
  <ItemGroup>
    <Filter Include="NextAPI">
      <UniqueIdentifier>{f318918d-bb9f-4402-ae1c-4f72186d16f6}</UniqueIdentifier>
    </Filter>
    <Filter Include="stb_image">
      <UniqueIdentifier>{61cfc19b-c57e-4021-b530-bac172fcba86}</UniqueIdentifier>
    </Filter>
  </ItemGroup>
  <ItemGroup>
    <Text Include="ReadMe.txt">
      <Filter>NextAPI</Filter>
    </Text>
  </ItemGroup>
</Project>